#
# Copyright (c) 2026 Oracle and/or its affiliates.
#
# Licensed under the Apache License, Version 2.0 (the "License");
# you may not use this file except in compliance with the License.
# You may obtain a copy of the License at
#
#     http://www.apache.org/licenses/LICENSE-2.0
#
# Unless required by applicable law or agreed to in writing, software
# distributed under the License is distributed on an "AS IS" BASIS,
# WITHOUT WARRANTIES OR CONDITIONS OF ANY KIND, either express or implied.
# See the License for the specific language governing permissions and
# limitations under the License.
#

b0d03f1eed5d5c083a5a11b780a4f89ccdfc5619ebbd822c8c1f09df179b7802  ./acl-libs-2.3.2-r1.apk
876b5e7c50bd13bd7537038c16d5598cfad249aba1cca1086a1f7e3e48b0440f  ./bash-5.2.37-r0.apk
1699d1701542e1e446b082c6a4c966422b558df84b45c201be60dd384b8c0f21  ./brotli-libs-1.1.0-r2.apk
35e35183161c613ef50c61fcd96a0bee1a4d4ac60127d4c4941e83c0e0cdf028  ./busybox-1.37.0-r14.apk
4c1cbdf0ca3703f05c6bb3f5d239243c6eb0ecfe8a2d852d41e2db66de52e446  ./busybox-binsh-1.37.0-r14.apk
cd142b17f3586c45b61cb8126b2f8df9911540bc9ea71f451f5a730be344f888  ./c-ares-1.34.8-r0.apk
46aa3bd5988d0bed141242d957a52e4c871066ae4ae1c97195accc0b73e5b94a  ./ca-certificates-bundle-20260909-r0.apk
75f0c8a7d792763e2a1c2b18b730fda08ad33351e933bfacb55e4a18c5584d2a  ./curl-8.14.1-r2.apk
51da8e712c448965e5f2f652e9889dc0928ced665d4a4d11207e16adef680f9b  ./gdbm-1.24-r0.apk
88d41aa0b8dac3c516fd4f0ae058c5e2ab7622e72e1daf5588a4447aab172fc9  ./glib-2.82.5-r0.apk
4d447fa0868e4f88671da15bc39955c1d5caa0a13dc257a77f7b13c23e48f3ce  ./gmp-6.3.0-r2.apk
41e639f04a8cbdc3e6c45f61ae5cb47d84e815638c7e13e2cea504faa7c1aa24  ./gnutls-3.8.13-r0.apk
a15fced1400834d3e0c92d35d5ab47d3a84e719fd46621be605a6cb8f798cd89  ./keyutils-libs-1.6.3-r4.apk
9a6200cd0af3b4689448e1de2d3a0f59e996e1b0b145ecf5b2d1f3bd0170e50b  ./krb5-conf-1.0-r2.apk
c739372f5263056ad9acdd66c89b125ea8daf92dae137e16d123e28cf475c333  ./krb5-libs-1.21.3-r0.apk
61339f8737b05062f662cfc30c65cb34f10ccc53573846653551c66156c4aa0b  ./libblkid-2.40.4-r1.apk
49945b5c46f2be9201c900df45ca173e1065adb45366c6ad51709381123daa5f  ./libbz2-1.0.8-r6.apk
7ca70d1d6d2822b108efd9c5909be8d7ffa86031c9dea1c775dd19439d812f52  ./libcap2-2.78-r0.apk
0798fedbc002cada8e74a7cb4cdae885e5f0c1b5fd59b15af5b2903b95d30153  ./libcom_err-1.47.1-r1.apk
972bf4a98a32e2eb0bdc214f2005e2daf8206182aba6066cff80e977b9e41db4  ./libcrypto3-3.3.7-r1.apk
a7339bca050feddd0a3622446a255143c4a981d1d442625b9dd085d0ad30299e  ./libcurl-8.14.1-r2.apk
db25f8abaf1ec61f5dcc0ff9b55271a3f6e43037e430b0c126ac000483e17dad  ./libeconf-0.6.3-r0.apk
09b0a0fc250783f62b4b2300bb909cad00f7897d0bce0c1e70c9334ed2d35185  ./libexpat-2.8.4-r0.apk
814579137f32e94e54370f2e5d93d992c4148515b426c168e87102d4d6f6ddc6  ./libffi-3.4.7-r0.apk
7cfdc00f102d3b98fe563b31e7a59a7b7ab61850c1751915f34e419e83ef2653  ./libgcc-14.2.0-r4.apk
263008bbdf40af9a62eaf56d0af472f1bf39c24bdf4b48c9cc2a74f180f6b703  ./libgcrypt-1.10.3-r1.apk
429783b9c6b7c2ff0e96229bac3ec8d9b758c06351461866c2ab33e05bc56e09  ./libgpg-error-1.51-r0.apk
189be98c9ce9ec5bd6709ea489bd236f5a6c971bf70e074f9a3ea24585f9d5ec  ./libidn2-2.3.7-r0.apk
793a71030c6262a51799e05d2f85178e30c835d4d92975a83819e42d3bbf59ce  ./libintl-0.22.5-r0.apk
f318935d83e1b2e0323f74cda82ef9f4a0fc56a820e4794b2a1189456385e6e3  ./libmaxminddb-libs-1.9.1-r0.apk
049992e9cce2a1a4d50d3a85f01c07d6f466d3ad7c79381f5826ad62044c3ca4  ./libmount-2.40.4-r1.apk
c1a5a3a552ad4d44c94454555f38de71b151dc2d608ea2246d92b3bd845b7f3a  ./libncursesw-6.5_p20241006-r3.apk
a5210a2d84870c46b8184214bd72f14829a766027a138015db87d55e588c029a  ./libnl3-3.11.0-r0.apk
11e2911f6fa4f3885e2fb7488847d58c4c8e166922b5fe259811a04f21802089  ./libpanelw-6.5_p20241006-r3.apk
b2b89d52ea82354c6a6d27f2e4724259108c9dfa78f79e3643b5f301dae89674  ./libpcap-1.10.7-r0.apk
2e9d33bc57bc4db4ba78993ce3e684b1fcef182d86812792885751b47cb9ccd4  ./libpsl-0.21.5-r3.apk
1693aa710636df60969720562e0a929692e0ed1908bfab2f0033b72c711f1c56  ./libsmi-0.5.0-r4.apk
825b1788f6802a4a68a60d47b40db77f1b2b5f1acf5ab2d4c00d7915164bed4c  ./libssh-0.11.1-r0.apk
7bd2add49418999310d7e6403d54761648325f089ae524e15e1796ab28ca8b31  ./libssl3-3.3.7-r1.apk
93dded5af4e42ca59a2e981ffc5acc59c5d7110cec4adaeb15b84dc224526b63  ./libstdc++-14.2.0-r4.apk
fcbdee29a690bf7aa5a3c586a740230e3f016e3cf8d47f57d8ace16b47455a35  ./libtasn1-4.21.0-r0.apk
6c80d48d4458f4344fa34a28283a5c6147404fb24398b861e981aa5dd9df79da  ./libunistring-1.2-r0.apk
95c38ee984ac254b5a715509fb193af57f5d96a2ed995d4a10c3f7b6ff010102  ./libverto-0.3.2-r2.apk
b9b92d15447ab9aafd8a1290a2397605a7d440986ed95f61acd5b8bcb76ce69f  ./libxml2-2.13.9-r1.apk
670819c3501dba8865fc32c5a854e6f3ae770a39a87efd27a48c045963dd8f50  ./lua5.4-libs-5.4.7-r0.apk
92e8508c0d3c4115b8039ef333fa0ad0dcd271976ac82554fb3eab1e4b8a4a8e  ./lz4-libs-1.10.0-r0.apk
e14866cce8ab46653d2c2ffd679357abfa100fe5259f520509117be19d56cab9  ./mpdecimal-4.0.0-r0.apk
721010e6bff908878d9c527428598661be59dde0d9f013f8431d01fd4dd16652  ./musl-1.2.5-r11.apk
a86fb76ba2ac494ed3a550a5c42d032c486d942966bceae38f6ce95eaa384550  ./ncurses-terminfo-base-6.5_p20241006-r3.apk
2f7ef2cc2e8f1f4093d48933e1914099ce267a3a96925e629593b9b95d041a79  ./nettle-3.10.2-r0.apk
e0546b86eff0bbde2124ea05affa19bed76ddd1382d0ba0bb181cc75b8999eea  ./nghttp2-libs-1.69.0-r0.apk
ee69bd6956199732d3871399d9e0f1776499fb75573442e57b0ff510e05984b6  ./openssl-3.3.7-r1.apk
b83ba1a0515ff4a041707f1f9630347b1bdf24ac94c27c647b35d0ae11847bee  ./p11-kit-0.26.2-r0.apk
1c301e1a1d2d41cfedf0ca2a60ef15f6ea5aff618ccca995a0e2271ae87a3d27  ./pcre2-10.43-r0.apk
bfb9b256b03ec2bd97a702d7e5f04f3ac11849e42b03f33d096dd234f6de206c  ./py3-packaging-24.2-r0.apk
5fe9207875d3da0af458043a4ee8d08d3679f5cb62b71144af9d50c1fdef343a  ./py3-packaging-pyc-24.2-r0.apk
e0cb14deac8e79207789e128160fe2fab5d3a3308697612f0bec55de194caf38  ./py3-parsing-3.1.4-r0.apk
4ec91e6ee7185ff255d81c9bfe2327e1166d187e02960250c1b20aa3eaf58362  ./py3-parsing-pyc-3.1.4-r0.apk
038d5fec30f3c39dbfa9657111a5d9b80f4c659ad85d36df7a0882e2dbb7431b  ./py3-pip-24.3.1-r0.apk
765f83f9549f2a7e6a6c449555e59d3dd4e6c6ad5a1a980c8b058777ab82c3b6  ./py3-pip-pyc-24.3.1-r0.apk
17a4fdd0c0d2c7e8df459e71690076d8afe3d82b5d42cb8f6ddaaeb079ee534d  ./py3-setuptools-70.3.0-r0.apk
cf0b6598fdda015b0079dcd618f79274cc0b4462d3f0550497b4343cd24d7dcd  ./py3-setuptools-pyc-70.3.0-r0.apk
e01a235b71ea67caff3141707e021697c17445b46f885f0e0ddf81a9c5cf1cc0  ./pyc-3.12.14-r0.apk
c0ac987f056f17a3b28c33d319eb9ded7f183b5896c83c37ffb3ce86dc3e75d6  ./python3-3.12.14-r0.apk
0e503bcd0c71f6f69d1f71fcb65b5e902741eebda2cccaf0399b575abbd058d4  ./python3-pyc-3.12.14-r0.apk
c400f68774e5ee5d36b0afa0e7dc3de83be4de574b3a7a08ea5a83efc866afe6  ./python3-pycache-pyc0-3.12.14-r0.apk
7dad49f83ecbcfa00c5c7df044a5566b928ac1995651cfff219e1df1c2b93871  ./readline-8.2.13-r0.apk
59b4d994f1fd55710bd5b84a86042d826e29efed8f117061d05cd624547079e5  ./speexdsp-1.2.1-r2.apk
0e4e80c156f65307d0b35c4caf5771fae2a8c3d7f5ffb642a72d13e9c6d3cd14  ./sqlite-libs-3.48.0-r4.apk
a278ee8b945278152b949ae207234ef7bb877ac3791998f5381a142bdfe470aa  ./ssl_client-1.37.0-r14.apk
94fd82a516feedeb93d384eee9e244f0cf02393a0a31d7719db4780cfa180032  ./tar-1.35-r2.apk
7c935d5976491f3d707bfae8a69ac8521b2e04588633c4b3ddac416cb22dbaf9  ./tshark-4.4.2-r0.apk
cc52d3a004ccd3f8eaa2b7e9a25339b24e2a1e18459f7e8113259ad3655532ec  ./wireshark-common-4.4.2-r0.apk
d110bed012e0902491ea8ca186a28fd1fdef026405434e10aee0c6f87bbcca4d  ./xz-libs-5.8.4-r0.apk
89c230ee1c74c389c1607413c223ed7d27ce1b2e964038facbfc54245157101c  ./zlib-1.3.2-r0.apk
2a15740cf272bf3babb438b675f0f894da0b4fa07b42dd86d0d07aee69378251  ./zstd-libs-1.5.6-r2.apk
