#
# Copyright (c) 2026 Oracle and/or its affiliates.
#
# Licensed under the Apache License, Version 2.0 (the "License");
# you may not use this file except in compliance with the License.
# You may obtain a copy of the License at
#
#     http://www.apache.org/licenses/LICENSE-2.0
#
# Unless required by applicable law or agreed to in writing, software
# distributed under the License is distributed on an "AS IS" BASIS,
# WITHOUT WARRANTIES OR CONDITIONS OF ANY KIND, either express or implied.
# See the License for the specific language governing permissions and
# limitations under the License.
#

97aa6d629b26a4329757aa82629ce283710e78b0edc4ac26117246bac037591d  ./acl-libs-2.3.2-r1.apk
0d58acbe43dd345a274a74e333f78af583b612229fc003dfb9fdee5dfc9149ff  ./bash-5.2.37-r0.apk
0d12b35f0e00657c0bb0630f658b7e3ecf1eaf9a4a3fcd36d07bcd8d6ea26b41  ./brotli-libs-1.1.0-r2.apk
e0c42bc21e4d25cf5b4e15947d9bd75045ea4b7a8237e87cbefbfa425e7d4717  ./busybox-1.37.0-r14.apk
cdb0e74af11fa4cc78cf6626637fdf63ee960871637f15483fcbc111c1f10996  ./busybox-binsh-1.37.0-r14.apk
1c184e0bccdab868e155c3c242c743b5861d785d982860d8a84ead0f4b06530c  ./c-ares-1.34.8-r0.apk
46a86ac9de69be7e341fc1b611bd61b88d96c09492f1aa8a4ca0a7592011e03b  ./ca-certificates-bundle-20260909-r0.apk
a513f582b87c5dc54065f4dd3d2cfcd9f87d986c70cbf90aaebc8b66c8e30f91  ./curl-8.14.1-r2.apk
261f792e3bd65c0c1859417e324643a49e8a804ddb92ed197b58e7f6606af090  ./gdbm-1.24-r0.apk
3539155209b04401fad0c90bbe7304294c6fa50243981157b259b3b1c4e62f49  ./glib-2.82.5-r0.apk
4b2790276c2a652883302a4f43712f18a666bfa50edccd95b71ae5d5b9520591  ./gmp-6.3.0-r2.apk
164dbfb790b723d228625997e36b185a0da177ee3334dd239227cf6f9f6e2b91  ./gnutls-3.8.13-r0.apk
e12a9102f550553cc1a5aa1d5874f1df73e378394a6e071414e339d6695a9192  ./keyutils-libs-1.6.3-r4.apk
ebc4aca609aff12882999cb1065f6bc811a58cd0bb28e83f9498e844127239af  ./krb5-conf-1.0-r2.apk
d7a1892ba96b2b72c22185215548cfea8f3380ba1bc7f4498349082fb069b05b  ./krb5-libs-1.21.3-r0.apk
74dbd807a8e2a7e88bbdbd0a30329c467e7d6512c03644e373ef12d14d28e817  ./libblkid-2.40.4-r1.apk
9d8305edec09baad972ed5ec904ab2a111a38f306e71332113799d170c1fe4fe  ./libbz2-1.0.8-r6.apk
a2160f94232206985c3656fe4108bb7b25cf56cfda83b8488791b225cc6e7ed1  ./libcap2-2.78-r0.apk
71bd3a0c8590da126ac8372e0f2dd78007bc1f6471580e4d632cf2fa960dabeb  ./libcom_err-1.47.1-r1.apk
05175e06049977c33327bee184fd7eb70181888733c80d9ca91520bd117567dc  ./libcrypto3-3.3.7-r1.apk
e6f76cb875242f30d5e174ef228a698b73e718217f82f7cc749a6c190672d992  ./libcurl-8.14.1-r2.apk
9bcd1c0d8fafa5532a0fe3c76a24dbbe06ef05d2f2c106c55074552251b446f0  ./libeconf-0.6.3-r0.apk
065af3b201fbfd91f2d747c1f7a3fea39f1bff9bf664c911ed94ac86fd4b0c56  ./libexpat-2.8.4-r0.apk
819e95a9b0dd12dddb72d7151964855518d83d61dc6b7c9b619dd17233160097  ./libffi-3.4.7-r0.apk
8675867db77b5af11b88fd19186450333202d94cccd84a76a066dccd5b6e8cf1  ./libgcc-14.2.0-r4.apk
54c721943b55103dba4ad4b1634b132c0b87f98f312f05289053a0b38c4a99ea  ./libgcrypt-1.10.3-r1.apk
2cf5859888ce96a8e1eceb24c3dd6312284e35a54eb8372fdddf864b5ddb815a  ./libgpg-error-1.51-r0.apk
3625d1123662203440cd25c09325c7d7891809ec68ad420ba7d8dd0173a737a6  ./libidn2-2.3.7-r0.apk
ac62447a8dc879dc52c6b42af7a604d8b5fbf2aab9338ca40e15bab8f93810f7  ./libintl-0.22.5-r0.apk
90688cc54e1b926bab1354e4ddf8231d64bf94f92525d068685946fe4841d997  ./libmaxminddb-libs-1.9.1-r0.apk
1d9cdb82cedc15d7211e59db2c3f48b325a30e0f306773ba165e0ff8a8fa0d56  ./libmount-2.40.4-r1.apk
3919cf673e841d91865213799ccfd5f77a48f5f9f5402723167470295ee32a49  ./libncursesw-6.5_p20241006-r3.apk
cfc9f19c30571697b21f1765501e4eb4f617f0ae4a43d433b7f4578b04306297  ./libnl3-3.11.0-r0.apk
f89752780981d11707e7eee3ca7b5a7f52e91e60ee28bd9e1815c7da05741c4a  ./libpanelw-6.5_p20241006-r3.apk
e44d4a627533a265c41283a5f65feacc6ff721bea3ab0d3c40a6da19dbbd4a75  ./libpcap-1.10.7-r0.apk
693c1743c6204b9307a539a20d048060350531e50dad4059bdd04feaf4acdc58  ./libpsl-0.21.5-r3.apk
6e134967b89180c8b704217d4284519a9cd681cfbe8d9442a6eb44c79c3191cf  ./libsmi-0.5.0-r4.apk
46878d2e18a3aea47553ce6e577b2c533dc31f38a1985a44782d800501002259  ./libssh-0.11.1-r0.apk
27af5a77114510df72afadd352694e87288b12b0503d1897d36f580e4e566bdf  ./libssl3-3.3.7-r1.apk
5899f66390aba2ac908f0912fc62a49775830f523fa38fab406c1761821dfb07  ./libstdc++-14.2.0-r4.apk
364029a8a88ef48f3c3027007c610907fec0193ee8abbee6bbf4bbb1a39d9e0c  ./libtasn1-4.21.0-r0.apk
81be06ee6cab58c1b44dd72cd10036457c031a0186a4f915befebb22989b9802  ./libunistring-1.2-r0.apk
8251b02f217de5aae1522fad334d0346d6008ce5e23e7e32c77a63ac11902f5e  ./libverto-0.3.2-r2.apk
8a99b85bf26a698934ca901b66a7aa9a117ed20139cb019086215ea32ec87d2f  ./libxml2-2.13.9-r1.apk
0f437a7c11cfd7e11fd8b091b1883584ce4d51d5c13fa1d6b81d199e403d4237  ./lua5.4-libs-5.4.7-r0.apk
5605a16fcda9b947fb9164a2462761ae01439509e4219b815ff4a4731b9c76cf  ./lz4-libs-1.10.0-r0.apk
022349ca371423bf80d45e7f8bd11fa1f8e115d103b8bd8674c8f8dfdcc48286  ./mpdecimal-4.0.0-r0.apk
61e84757a8bfbc0d7fa8f4ce6de9cd4d791714369d78f6a08e5b03510fb2a623  ./musl-1.2.5-r11.apk
46402464710d165a8fed4b843b3a20d9950e1e9a20923c3869241014bf6b2f51  ./ncurses-terminfo-base-6.5_p20241006-r3.apk
8f641a84be9f57ab883917fac7c067ec2c2fbf13cf409b8780f2b8afb6474bc2  ./nettle-3.10.2-r0.apk
341724304e3b4bb5ae0ec9021f55da2ef27a19b78ef7873d1a865bdf72dbef0c  ./nghttp2-libs-1.69.0-r0.apk
675d3335229af672b7a710292973bdf6169f262529442059ca6880f31b863b7e  ./openssl-3.3.7-r1.apk
6c8cec6f3b54bfee54da95ee7dd01160b874301369a12adaa91ae4dab5eac313  ./p11-kit-0.26.2-r0.apk
2054948a7bc4c7c74c2236274b514697d30b309c5f68021d7104b30ce6a489c3  ./pcre2-10.43-r0.apk
2167ede83247ebc871385ea3911e14e767bb4be598493538051fd979fd75edca  ./py3-packaging-24.2-r0.apk
eaab9601f36d7f5f96754de78ea8bdc89884762a063c86e392cea2152b5f15ad  ./py3-packaging-pyc-24.2-r0.apk
379dd86622693a236a1c523fdd21176e841c7df104347b0b5c5b46820ab3f0ab  ./py3-parsing-3.1.4-r0.apk
5a23e85175299193b4604c240460592d6291cb5055c42cb0321f65ee577433e3  ./py3-parsing-pyc-3.1.4-r0.apk
b96100e7b03bf504ac6fcf266a56aab5ec585a902a6c34e178af301f6894fd53  ./py3-pip-24.3.1-r0.apk
b1ea2f2b399d2765fe0c2b84d36aa8b3c3f77e672ede5eb4e13721786a39704e  ./py3-pip-pyc-24.3.1-r0.apk
2d491807a0a799035ebdd6b3e134cbcf1cd3456b772a1ab4f0e8063587eb7895  ./py3-setuptools-70.3.0-r0.apk
9da933b5c579cc146718f740fd7a2d769673f1b2081bc0400f479e422de000f9  ./py3-setuptools-pyc-70.3.0-r0.apk
a8dfd1599ca1a75e51bc02b8dadd56390c4bca4e42bdb63a37f4bdebab7835e4  ./pyc-3.12.14-r0.apk
fd3c107796c723259caa3ccf9c684875a77f2e57fa19a631e2d755c3cf21b0d4  ./python3-3.12.14-r0.apk
1f058f0cd678f8d7865dc9492b106f6103a6afe435ff303eea7de36c2c0738ef  ./python3-pyc-3.12.14-r0.apk
2e8f919ef24ca2320ce13f86b0d1184d17d30b4d8e114671ea96b1822cda8d81  ./python3-pycache-pyc0-3.12.14-r0.apk
fa4ff2347886f5516d021b9064a00259b29fc6e2608eac5588a339de244acf12  ./readline-8.2.13-r0.apk
dcbc40048605744be28de24d7ed28fb1938f22d3eabcfbfd0ca09f73b7c941f0  ./speexdsp-1.2.1-r2.apk
56b55029cce8d43a67f5076e07c96b68b80b26dc412b205b7f0b5c63704ab234  ./sqlite-libs-3.48.0-r4.apk
e104e7b0c3176370fef92235cde4608b4434ab482204c6428248fa3743fb5db0  ./ssl_client-1.37.0-r14.apk
9013cb0ec7a6acf84698a462e0ec903b634da1dbeb5a7b4f613aa9b639a737c6  ./tar-1.35-r2.apk
5b566e3e678fe467bda5e0353721b48b45bc1f1746df410a03565ba15c5621cb  ./tshark-4.4.2-r0.apk
d741eca74b979a43e9218e54be50b042b3bcbede0e9eec90a2822febdcd824c6  ./wireshark-common-4.4.2-r0.apk
6f5303a049a23f68659205eda4840865370340905e0481ba5266c19e2f49b585  ./xz-libs-5.8.4-r0.apk
b224a975eb04ec3ec9bce7db2fce91c9e9d669996f79a9a750d4a3cd9324a404  ./zlib-1.3.2-r0.apk
45a06bfc107f44502b7e0503fcd5c8d2d2e6cff255134ed959275eb99caf9979  ./zstd-libs-1.5.6-r2.apk
